
Microsoft Visual Studio Solution File, Format Version 12.00
# Visual Studio 15
VisualStudioVersion = 15.0.27428.2011
MinimumVisualStudioVersion = 10.0.40219.1
Project("{FAE04EC0-301F-11D3-BF4B-00C04F79EFBC}") = "CertificatElectronique", "CertificatElectronique\CertificatElectronique.csproj", "{2C5EBFB8-F7E3-400A-A86A-D10A04BC9C4E}"
EndProject
Global
	GlobalSection(SolutionConfigurationPlatforms) = preSolution
		Debug|Any CPU = Debug|Any CPU
		Release|Any CPU = Release|Any CPU
	EndGlobalSection
	GlobalSection(ProjectConfigurationPlatforms) = postSolution
		{2C5EBFB8-F7E3-400A-A86A-D10A04BC9C4E}.Debug|Any CPU.ActiveCfg = Debug|Any CPU
		{2C5EBFB8-F7E3-400A-A86A-D10A04BC9C4E}.Debug|Any CPU.Build.0 = Debug|Any CPU
		{2C5EBFB8-F7E3-400A-A86A-D10A04BC9C4E}.Release|Any CPU.ActiveCfg = Release|Any CPU
		{2C5EBFB8-F7E3-400A-A86A-D10A04BC9C4E}.Release|Any CPU.Build.0 = Release|Any CPU
	EndGlobalSection
	GlobalSection(SolutionProperties) = preSolution
		HideSolutionNode = FALSE
	EndGlobalSection
	GlobalSection(ExtensibilityGlobals) = postSolution
		SolutionGuid = {88A51AD1-E83B-4A62-A3A2-B2C99E25C8DC}
	EndGlobalSection
EndGlobal
